{
  "name": "delegate-wave",
  "version": "0.1.0",
  "lockfileVersion": 3,
  "requires": true,
  "packages": {
    "": {
      "name": "delegate-wave",
      "version": "0.1.0",
      "bin": {
        "delegate-wave": "src/cli.js"
      },
      "engines": {
        "node": ">=24"
      }
    }
  }
}
